
Microsoft Visual Studio Solution File, Format Version 12.00
# Visual Studio Version 17
VisualStudioVersion = 17.14.36301.6 d17.14
MinimumVisualStudioVersion = 10.0.40219.1
Project("{FAE04EC0-301F-11D3-BF4B-00C04F79EFBC}") = "MvcDemo25.Web", "MvcDemo25.Web\MvcDemo25.Web.csproj", "{EDF65BA1-416A-4DB7-A618-307464C4643C}"
EndProject
Global
	GlobalSection(SolutionConfigurationPlatforms) = preSolution
		Debug|Any CPU = Debug|Any CPU
		Release|Any CPU = Release|Any CPU
	EndGlobalSection
	GlobalSection(ProjectConfigurationPlatforms) = postSolution
		{EDF65BA1-416A-4DB7-A618-307464C4643C}.Debug|Any CPU.ActiveCfg = Debug|Any CPU
		{EDF65BA1-416A-4DB7-A618-307464C4643C}.Debug|Any CPU.Build.0 = Debug|Any CPU
		{EDF65BA1-416A-4DB7-A618-307464C4643C}.Release|Any CPU.ActiveCfg = Release|Any CPU
		{EDF65BA1-416A-4DB7-A618-307464C4643C}.Release|Any CPU.Build.0 = Release|Any CPU
	EndGlobalSection
	GlobalSection(SolutionProperties) = preSolution
		HideSolutionNode = FALSE
	EndGlobalSection
	GlobalSection(ExtensibilityGlobals) = postSolution
		SolutionGuid = {7FFA4FE9-6290-4F91-B033-C5C43D12FE3A}
	EndGlobalSection
EndGlobal
